
Microsoft Visual Studio Solution File, Format Version 12.00
# Visual Studio Version 17
VisualStudioVersion = 17.10.34928.147
MinimumVisualStudioVersion = 10.0.40219.1
Project("{9A19103F-16F7-4668-BE54-9A1E7A4F7556}") = "SCMS-back-end", "SCMS-back-end\SCMS-back-end.csproj", "{960E1716-3928-42E7-BEE7-24A4F52179EA}"
EndProject
Project("{FAE04EC0-301F-11D3-BF4B-00C04F79EFBC}") = "SCMS-back-end-Tests", "SCMS-back-end-Tests\SCMS-back-end-Tests.csproj", "{6A036108-4E4C-4251-B2DD-5F4025823F5B}"
EndProject
Global
	GlobalSection(SolutionConfigurationPlatforms) = preSolution
		Debug|Any CPU = Debug|Any CPU
		Release|Any CPU = Release|Any CPU
	EndGlobalSection
	GlobalSection(ProjectConfigurationPlatforms) = postSolution
		{960E1716-3928-42E7-BEE7-24A4F52179EA}.Debug|Any CPU.ActiveCfg = Debug|Any CPU
		{960E1716-3928-42E7-BEE7-24A4F52179EA}.Debug|Any CPU.Build.0 = Debug|Any CPU
		{960E1716-3928-42E7-BEE7-24A4F52179EA}.Release|Any CPU.ActiveCfg = Release|Any CPU
		{960E1716-3928-42E7-BEE7-24A4F52179EA}.Release|Any CPU.Build.0 = Release|Any CPU
		{6A036108-4E4C-4251-B2DD-5F4025823F5B}.Debug|Any CPU.ActiveCfg = Debug|Any CPU
		{6A036108-4E4C-4251-B2DD-5F4025823F5B}.Debug|Any CPU.Build.0 = Debug|Any CPU
		{6A036108-4E4C-4251-B2DD-5F4025823F5B}.Release|Any CPU.ActiveCfg = Release|Any CPU
		{6A036108-4E4C-4251-B2DD-5F4025823F5B}.Release|Any CPU.Build.0 = Release|Any CPU
	EndGlobalSection
	GlobalSection(SolutionProperties) = preSolution
		HideSolutionNode = FALSE
	EndGlobalSection
	GlobalSection(ExtensibilityGlobals) = postSolution
		SolutionGuid = {C520E3C6-C80A-45D3-B5E8-0714CACECDDD}
	EndGlobalSection
EndGlobal
